// !$*UTF8*$!
{
	archiveVersion = 1;
	classes = {
	};
	objectVersion = 50;
	objects = {

/* Begin PBXBuildFile section */
		9C712950237A44E8001DFEB9 /* Documents.storyboard in Resources */ = {isa = PBXBuildFile; fileRef = 9C71294F237A44E8001DFEB9 /* Documents.storyboard */; };
		9C712952237A452B001DFEB9 /* DocumentsViewController.swift in Sources */ = {isa = PBXBuildFile; fileRef = 9C712951237A452B001DFEB9 /* DocumentsViewController.swift */; };
		9C91232F236E556700D5431C /* Annotation.swift in Sources */ = {isa = PBXBuildFile; fileRef = 9C91232E236E556700D5431C /* Annotation.swift */; };
		9C912331236E56EF00D5431C /* Document.swift in Sources */ = {isa = PBXBuildFile; fileRef = 9C912330236E56EF00D5431C /* Document.swift */; };
		9C912333236E696100D5431C /* TagModel.swift in Sources */ = {isa = PBXBuildFile; fileRef = 9C912332236E696100D5431C /* TagModel.swift */; };
		9CAC6712237A60C90091E2BF /* Labels.storyboard in Resources */ = {isa = PBXBuildFile; fileRef = 9CAC6711237A60C90091E2BF /* Labels.storyboard */; };
		9CAC6714237A61150091E2BF /* LabelsViewController.swift in Sources */ = {isa = PBXBuildFile; fileRef = 9CAC6713237A61150091E2BF /* LabelsViewController.swift */; };
		9CB18087236C7AEF007D70E4 /* AppDelegate.swift in Sources */ = {isa = PBXBuildFile; fileRef = 9CB18086236C7AEF007D70E4 /* AppDelegate.swift */; };
		9CB18089236C7AEF007D70E4 /* SceneDelegate.swift in Sources */ = {isa = PBXBuildFile; fileRef = 9CB18088236C7AEF007D70E4 /* SceneDelegate.swift */; };
		9CB1808B236C7AEF007D70E4 /* HighlightViewController.swift in Sources */ = {isa = PBXBuildFile; fileRef = 9CB1808A236C7AEF007D70E4 /* HighlightViewController.swift */; };
		9CB1808E236C7AEF007D70E4 /* Highlight.storyboard in Resources */ = {isa = PBXBuildFile; fileRef = 9CB1808C236C7AEF007D70E4 /* Highlight.storyboard */; };
		9CB18090236C7AF3007D70E4 /* Assets.xcassets in Resources */ = {isa = PBXBuildFile; fileRef = 9CB1808F236C7AF3007D70E4 /* Assets.xcassets */; };
		9CB18093236C7AF3007D70E4 /* LaunchScreen.storyboard in Resources */ = {isa = PBXBuildFile; fileRef = 9CB18091236C7AF3007D70E4 /* LaunchScreen.storyboard */; };
		9CEAD0C8237B14B300B439D8 /* DocumentCell.swift in Sources */ = {isa = PBXBuildFile; fileRef = 9CEAD0C7237B14B300B439D8 /* DocumentCell.swift */; };
/* End PBXBuildFile section */

/* Begin PBXFileReference section */
		9C71294F237A44E8001DFEB9 /* Documents.storyboard */ = {isa = PBXFileReference; lastKnownFileType = file.storyboard; path = Documents.storyboard; sourceTree = "<group>"; };
		9C712951237A452B001DFEB9 /* DocumentsViewController.swift */ = {isa = PBXFileReference; lastKnownFileType = sourcecode.swift; path = DocumentsViewController.swift; sourceTree = "<group>"; };
		9C91232E236E556700D5431C /* Annotation.swift */ = {isa = PBXFileReference; lastKnownFileType = sourcecode.swift; path = Annotation.swift; sourceTree = "<group>"; };
		9C912330236E56EF00D5431C /* Document.swift */ = {isa = PBXFileReference; lastKnownFileType = sourcecode.swift; path = Document.swift; sourceTree = "<group>"; };
		9C912332236E696100D5431C /* TagModel.swift */ = {isa = PBXFileReference; lastKnownFileType = sourcecode.swift; path = TagModel.swift; sourceTree = "<group>"; };
		9CAC6711237A60C90091E2BF /* Labels.storyboard */ = {isa = PBXFileReference; lastKnownFileType = file.storyboard; path = Labels.storyboard; sourceTree = "<group>"; };
		9CAC6713237A61150091E2BF /* LabelsViewController.swift */ = {isa = PBXFileReference; lastKnownFileType = sourcecode.swift; path = LabelsViewController.swift; sourceTree = "<group>"; };
		9CB18083236C7AEF007D70E4 /* iTag.app */ = {isa = PBXFileReference; explicitFileType = wrapper.application; includeInIndex = 0; path = iTag.app; sourceTree = BUILT_PRODUCTS_DIR; };
		9CB18086236C7AEF007D70E4 /* AppDelegate.swift */ = {isa = PBXFileReference; lastKnownFileType = sourcecode.swift; path = AppDelegate.swift; sourceTree = "<group>"; };
		9CB18088236C7AEF007D70E4 /* SceneDelegate.swift */ = {isa = PBXFileReference; lastKnownFileType = sourcecode.swift; path = SceneDelegate.swift; sourceTree = "<group>"; };
		9CB1808A236C7AEF007D70E4 /* HighlightViewController.swift */ = {isa = PBXFileReference; lastKnownFileType = sourcecode.swift; path = HighlightViewController.swift; sourceTree = "<group>"; };
		9CB1808D236C7AEF007D70E4 /* Base */ = {isa = PBXFileReference; lastKnownFileType = file.storyboard; name = Base; path = Base.lproj/Highlight.storyboard; sourceTree = "<group>"; };
		9CB1808F236C7AF3007D70E4 /* Assets.xcassets */ = {isa = PBXFileReference; lastKnownFileType = folder.assetcatalog; path = Assets.xcassets; sourceTree = "<group>"; };
		9CB18092236C7AF3007D70E4 /* Base */ = {isa = PBXFileReference; lastKnownFileType = file.storyboard; name = Base; path = Base.lproj/LaunchScreen.storyboard; sourceTree = "<group>"; };
		9CB18094236C7AF3007D70E4 /* Info.plist */ = {isa = PBXFileReference; lastKnownFileType = text.plist.xml; path = Info.plist; sourceTree = "<group>"; };
		9CEAD0C7237B14B300B439D8 /* DocumentCell.swift */ = {isa = PBXFileReference; lastKnownFileType = sourcecode.swift; path = DocumentCell.swift; sourceTree = "<group>"; };
/* End PBXFileReference section */

/* Begin PBXFrameworksBuildPhase section */
		9CB18080236C7AEF007D70E4 /* Frameworks */ = {
			isa = PBXFrameworksBuildPhase;
			buildActionMask = 2147483647;
			files = (
			);
			runOnlyForDeploymentPostprocessing = 0;
		};
/* End PBXFrameworksBuildPhase section */

/* Begin PBXGroup section */
		9C71294E237A3B22001DFEB9 /* Storyboards */ = {
			isa = PBXGroup;
			children = (
				9CAC6711237A60C90091E2BF /* Labels.storyboard */,
				9CB1808C236C7AEF007D70E4 /* Highlight.storyboard */,
				9C71294F237A44E8001DFEB9 /* Documents.storyboard */,
			);
			path = Storyboards;
			sourceTree = "<group>";
		};
		9C712953237A45B4001DFEB9 /* ViewControllers */ = {
			isa = PBXGroup;
			children = (
				9CB1808A236C7AEF007D70E4 /* HighlightViewController.swift */,
				9C712951237A452B001DFEB9 /* DocumentsViewController.swift */,
				9CAC6713237A61150091E2BF /* LabelsViewController.swift */,
			);
			path = ViewControllers;
			sourceTree = "<group>";
		};
		9C91232D236E553200D5431C /* Models */ = {
			isa = PBXGroup;
			children = (
				9C91232E236E556700D5431C /* Annotation.swift */,
				9C912330236E56EF00D5431C /* Document.swift */,
				9C912332236E696100D5431C /* TagModel.swift */,
			);
			path = Models;
			sourceTree = "<group>";
		};
		9CB1807A236C7AEF007D70E4 = {
			isa = PBXGroup;
			children = (
				9CB18085236C7AEF007D70E4 /* iTag */,
				9CB18084236C7AEF007D70E4 /* Products */,
			);
			sourceTree = "<group>";
		};
		9CB18084236C7AEF007D70E4 /* Products */ = {
			isa = PBXGroup;
			children = (
				9CB18083236C7AEF007D70E4 /* iTag.app */,
			);
			name = Products;
			sourceTree = "<group>";
		};
		9CB18085236C7AEF007D70E4 /* iTag */ = {
			isa = PBXGroup;
			children = (
				9CEAD0C9237B14B900B439D8 /* Views */,
				9C91232D236E553200D5431C /* Models */,
				9CB18086236C7AEF007D70E4 /* AppDelegate.swift */,
				9CB18088236C7AEF007D70E4 /* SceneDelegate.swift */,
				9C712953237A45B4001DFEB9 /* ViewControllers */,
				9C71294E237A3B22001DFEB9 /* Storyboards */,
				9CB1808F236C7AF3007D70E4 /* Assets.xcassets */,
				9CB18091236C7AF3007D70E4 /* LaunchScreen.storyboard */,
				9CB18094236C7AF3007D70E4 /* Info.plist */,
			);
			path = iTag;
			sourceTree = "<group>";
		};
		9CEAD0C9237B14B900B439D8 /* Views */ = {
			isa = PBXGroup;
			children = (
				9CEAD0C7237B14B300B439D8 /* DocumentCell.swift */,
			);
			path = Views;
			sourceTree = "<group>";
		};
/* End PBXGroup section */

/* Begin PBXNativeTarget section */
		9CB18082236C7AEF007D70E4 /* iTag */ = {
			isa = PBXNativeTarget;
			buildConfigurationList = 9CB18097236C7AF3007D70E4 /* Build configuration list for PBXNativeTarget "iTag" */;
			buildPhases = (
				9CB1807F236C7AEF007D70E4 /* Sources */,
				9CB18080236C7AEF007D70E4 /* Frameworks */,
				9CB18081236C7AEF007D70E4 /* Resources */,
			);
			buildRules = (
			);
			dependencies = (
			);
			name = iTag;
			productName = iTag;
			productReference = 9CB18083236C7AEF007D70E4 /* iTag.app */;
			productType = "com.apple.product-type.application";
		};
/* End PBXNativeTarget section */

/* Begin PBXProject section */
		9CB1807B236C7AEF007D70E4 /* Project object */ = {
			isa = PBXProject;
			attributes = {
				LastSwiftUpdateCheck = 1110;
				LastUpgradeCheck = 1110;
				ORGANIZATIONNAME = "Leo Vergnetti";
				TargetAttributes = {
					9CB18082236C7AEF007D70E4 = {
						CreatedOnToolsVersion = 11.1;
					};
				};
			};
			buildConfigurationList = 9CB1807E236C7AEF007D70E4 /* Build configuration list for PBXProject "iTag" */;
			compatibilityVersion = "Xcode 9.3";
			developmentRegion = en;
			hasScannedForEncodings = 0;
			knownRegions = (
				en,
				Base,
			);
			mainGroup = 9CB1807A236C7AEF007D70E4;
			productRefGroup = 9CB18084236C7AEF007D70E4 /* Products */;
			projectDirPath = "";
			projectRoot = "";
			targets = (
				9CB18082236C7AEF007D70E4 /* iTag */,
			);
		};
/* End PBXProject section */

/* Begin PBXResourcesBuildPhase section */
		9CB18081236C7AEF007D70E4 /* Resources */ = {
			isa = PBXResourcesBuildPhase;
			buildActionMask = 2147483647;
			files = (
				9CB18093236C7AF3007D70E4 /* LaunchScreen.storyboard in Resources */,
				9C712950237A44E8001DFEB9 /* Documents.storyboard in Resources */,
				9CB18090236C7AF3007D70E4 /* Assets.xcassets in Resources */,
				9CB1808E236C7AEF007D70E4 /* Highlight.storyboard in Resources */,
				9CAC6712237A60C90091E2BF /* Labels.storyboard in Resources */,
			);
			runOnlyForDeploymentPostprocessing = 0;
		};
/* End PBXResourcesBuildPhase section */

/* Begin PBXSourcesBuildPhase section */
		9CB1807F236C7AEF007D70E4 /* Sources */ = {
			isa = PBXSourcesBuildPhase;
			buildActionMask = 2147483647;
			files = (
				9C912333236E696100D5431C /* TagModel.swift in Sources */,
				9CB1808B236C7AEF007D70E4 /* HighlightViewController.swift in Sources */,
				9CB18087236C7AEF007D70E4 /* AppDelegate.swift in Sources */,
				9C91232F236E556700D5431C /* Annotation.swift in Sources */,
				9CB18089236C7AEF007D70E4 /* SceneDelegate.swift in Sources */,
				9C912331236E56EF00D5431C /* Document.swift in Sources */,
				9CEAD0C8237B14B300B439D8 /* DocumentCell.swift in Sources */,
				9C712952237A452B001DFEB9 /* DocumentsViewController.swift in Sources */,
				9CAC6714237A61150091E2BF /* LabelsViewController.swift in Sources */,
			);
			runOnlyForDeploymentPostprocessing = 0;
		};
/* End PBXSourcesBuildPhase section */

/* Begin PBXVariantGroup section */
		9CB1808C236C7AEF007D70E4 /* Highlight.storyboard */ = {
			isa = PBXVariantGroup;
			children = (
				9CB1808D236C7AEF007D70E4 /* Base */,
			);
			name = Highlight.storyboard;
			sourceTree = "<group>";
		};
		9CB18091236C7AF3007D70E4 /* LaunchScreen.storyboard */ = {
			isa = PBXVariantGroup;
			children = (
				9CB18092236C7AF3007D70E4 /* Base */,
			);
			name = LaunchScreen.storyboard;
			sourceTree = "<group>";
		};
/* End PBXVariantGroup section */

/* Begin XCBuildConfiguration section */
		9CB18095236C7AF3007D70E4 /* Debug */ = {
			isa = XCBuildConfiguration;
			buildSettings = {
				ALWAYS_SEARCH_USER_PATHS = NO;
				CLANG_ANALYZER_NONNULL = YES;
				CLANG_ANALYZER_NUMBER_OBJECT_CONVERSION = YES_AGGRESSIVE;
				CLANG_CXX_LANGUAGE_STANDARD = "gnu++14";
				CLANG_CXX_LIBRARY = "libc++";
				CLANG_ENABLE_MODULES = YES;
				CLANG_ENABLE_OBJC_ARC = YES;
				CLANG_ENABLE_OBJC_WEAK = YES;
				CLANG_WARN_BLOCK_CAPTURE_AUTORELEASING = YES;
				CLANG_WARN_BOOL_CONVERSION = YES;
				CLANG_WARN_COMMA = YES;
				CLANG_WARN_CONSTANT_CONVERSION = YES;
				CLANG_WARN_DEPRECATED_OBJC_IMPLEMENTATIONS = YES;
				CLANG_WARN_DIRECT_OBJC_ISA_USAGE = YES_ERROR;
				CLANG_WARN_DOCUMENTATION_COMMENTS = YES;
				CLANG_WARN_EMPTY_BODY = YES;
				CLANG_WARN_ENUM_CONVERSION = YES;
				CLANG_WARN_INFINITE_RECURSION = YES;
				CLANG_WARN_INT_CONVERSION = YES;
				CLANG_WARN_NON_LITERAL_NULL_CONVERSION = YES;
				CLANG_WARN_OBJC_IMPLICIT_RETAIN_SELF = YES;
				CLANG_WARN_OBJC_LITERAL_CONVERSION = YES;
				CLANG_WARN_OBJC_ROOT_CLASS = YES_ERROR;
				CLANG_WARN_RANGE_LOOP_ANALYSIS = YES;
				CLANG_WARN_STRICT_PROTOTYPES = YES;
				CLANG_WARN_SUSPICIOUS_MOVE = YES;
				CLANG_WARN_UNGUARDED_AVAILABILITY = YES_AGGRESSIVE;
				CLANG_WARN_UNREACHABLE_CODE = YES;
				CLANG_WARN__DUPLICATE_METHOD_MATCH = YES;
				COPY_PHASE_STRIP = NO;
				DEBUG_INFORMATION_FORMAT = dwarf;
				ENABLE_STRICT_OBJC_MSGSEND = YES;
				ENABLE_TESTABILITY = YES;
				GCC_C_LANGUAGE_STANDARD = gnu11;
				GCC_DYNAMIC_NO_PIC = NO;
				GCC_NO_COMMON_BLOCKS = YES;
				GCC_OPTIMIZATION_LEVEL = 0;
				GCC_PREPROCESSOR_DEFINITIONS = (
					"DEBUG=1",
					"$(inherited)",
				);
				GCC_WARN_64_TO_32_BIT_CONVERSION = YES;
				GCC_WARN_ABOUT_RETURN_TYPE = YES_ERROR;
				GCC_WARN_UNDECLARED_SELECTOR = YES;
				GCC_WARN_UNINITIALIZED_AUTOS = YES_AGGRESSIVE;
				GCC_WARN_UNUSED_FUNCTION = YES;
				GCC_WARN_UNUSED_VARIABLE = YES;
				IPHONEOS_DEPLOYMENT_TARGET = 13.1;
				MTL_ENABLE_DEBUG_INFO = INCLUDE_SOURCE;
				MTL_FAST_MATH = YES;
				ONLY_ACTIVE_ARCH = YES;
				SDKROOT = iphoneos;
				SWIFT_ACTIVE_COMPILATION_CONDITIONS = DEBUG;
				SWIFT_OPTIMIZATION_LEVEL = "-Onone";
			};
			name = Debug;
		};
		9CB18096236C7AF3007D70E4 /* Release */ = {
			isa = XCBuildConfiguration;
			buildSettings = {
				ALWAYS_SEARCH_USER_PATHS = NO;
				CLANG_ANALYZER_NONNULL = YES;
				CLANG_ANALYZER_NUMBER_OBJECT_CONVERSION = YES_AGGRESSIVE;
				CLANG_CXX_LANGUAGE_STANDARD = "gnu++14";
				CLANG_CXX_LIBRARY = "libc++";
				CLANG_ENABLE_MODULES = YES;
				CLANG_ENABLE_OBJC_ARC = YES;
				CLANG_ENABLE_OBJC_WEAK = YES;
				CLANG_WARN_BLOCK_CAPTURE_AUTORELEASING = YES;
				CLANG_WARN_BOOL_CONVERSION = YES;
				CLANG_WARN_COMMA = YES;
				CLANG_WARN_CONSTANT_CONVERSION = YES;
				CLANG_WARN_DEPRECATED_OBJC_IMPLEMENTATIONS = YES;
				CLANG_WARN_DIRECT_OBJC_ISA_USAGE = YES_ERROR;
				CLANG_WARN_DOCUMENTATION_COMMENTS = YES;
				CLANG_WARN_EMPTY_BODY = YES;
				CLANG_WARN_ENUM_CONVERSION = YES;
				CLANG_WARN_INFINITE_RECURSION = YES;
				CLANG_WARN_INT_CONVERSION = YES;
				CLANG_WARN_NON_LITERAL_NULL_CONVERSION = YES;
				CLANG_WARN_OBJC_IMPLICIT_RETAIN_SELF = YES;
				CLANG_WARN_OBJC_LITERAL_CONVERSION = YES;
				CLANG_WARN_OBJC_ROOT_CLASS = YES_ERROR;
				CLANG_WARN_RANGE_LOOP_ANALYSIS = YES;
				CLANG_WARN_STRICT_PROTOTYPES = YES;
				CLANG_WARN_SUSPICIOUS_MOVE = YES;
				CLANG_WARN_UNGUARDED_AVAILABILITY = YES_AGGRESSIVE;
				CLANG_WARN_UNREACHABLE_CODE = YES;
				CLANG_WARN__DUPLICATE_METHOD_MATCH = YES;
				COPY_PHASE_STRIP = NO;
				DEBUG_INFORMATION_FORMAT = "dwarf-with-dsym";
				ENABLE_NS_ASSERTIONS = NO;
				ENABLE_STRICT_OBJC_MSGSEND = YES;
				GCC_C_LANGUAGE_STANDARD = gnu11;
				GCC_NO_COMMON_BLOCKS = YES;
				GCC_WARN_64_TO_32_BIT_CONVERSION = YES;
				GCC_WARN_ABOUT_RETURN_TYPE = YES_ERROR;
				GCC_WARN_UNDECLARED_SELECTOR = YES;
				GCC_WARN_UNINITIALIZED_AUTOS = YES_AGGRESSIVE;
				GCC_WARN_UNUSED_FUNCTION = YES;
				GCC_WARN_UNUSED_VARIABLE = YES;
				IPHONEOS_DEPLOYMENT_TARGET = 13.1;
				MTL_ENABLE_DEBUG_INFO = NO;
				MTL_FAST_MATH = YES;
				SDKROOT = iphoneos;
				SWIFT_COMPILATION_MODE = wholemodule;
				SWIFT_OPTIMIZATION_LEVEL = "-O";
				VALIDATE_PRODUCT = YES;
			};
			name = Release;
		};
		9CB18098236C7AF3007D70E4 /* Debug */ = {
			isa = XCBuildConfiguration;
			buildSettings = {
				ASSETCATALOG_COMPILER_APPICON_NAME = AppIcon;
				CODE_SIGN_STYLE = Automatic;
				DEVELOPMENT_TEAM = MBB7THA55R;
				INFOPLIST_FILE = iTag/Info.plist;
				LD_RUNPATH_SEARCH_PATHS = (
					"$(inherited)",
					"@executable_path/Frameworks",
				);
				PRODUCT_BUNDLE_IDENTIFIER = edu.temple.tuj52136.iTag;
				PRODUCT_NAME = "$(TARGET_NAME)";
				SWIFT_VERSION = 5.0;
				TARGETED_DEVICE_FAMILY = "1,2";
			};
			name = Debug;
		};
		9CB18099236C7AF3007D70E4 /* Release */ = {
			isa = XCBuildConfiguration;
			buildSettings = {
				ASSETCATALOG_COMPILER_APPICON_NAME = AppIcon;
				CODE_SIGN_STYLE = Automatic;
				DEVELOPMENT_TEAM = MBB7THA55R;
				INFOPLIST_FILE = iTag/Info.plist;
				LD_RUNPATH_SEARCH_PATHS = (
					"$(inherited)",
					"@executable_path/Frameworks",
				);
				PRODUCT_BUNDLE_IDENTIFIER = edu.temple.tuj52136.iTag;
				PRODUCT_NAME = "$(TARGET_NAME)";
				SWIFT_VERSION = 5.0;
				TARGETED_DEVICE_FAMILY = "1,2";
			};
			name = Release;
		};
/* End XCBuildConfiguration section */

/* Begin XCConfigurationList section */
		9CB1807E236C7AEF007D70E4 /* Build configuration list for PBXProject "iTag" */ = {
			isa = XCConfigurationList;
			buildConfigurations = (
				9CB18095236C7AF3007D70E4 /* Debug */,
				9CB18096236C7AF3007D70E4 /* Release */,
			);
			defaultConfigurationIsVisible = 0;
			defaultConfigurationName = Release;
		};
		9CB18097236C7AF3007D70E4 /* Build configuration list for PBXNativeTarget "iTag" */ = {
			isa = XCConfigurationList;
			buildConfigurations = (
				9CB18098236C7AF3007D70E4 /* Debug */,
				9CB18099236C7AF3007D70E4 /* Release */,
			);
			defaultConfigurationIsVisible = 0;
			defaultConfigurationName = Release;
		};
/* End XCConfigurationList section */
	};
	rootObject = 9CB1807B236C7AEF007D70E4 /* Project object */;
}
